
Microsoft Visual Studio Solution File, Format Version 12.00
# Visual Studio Version 17
VisualStudioVersion = 17.12.35527.113
MinimumVisualStudioVersion = 10.0.40219.1
Project("{FAE04EC0-301F-11D3-BF4B-00C04F79EFBC}") = "Authentication", "Authentication.csproj", "{682176F3-8752-49FA-AAAA-B7C13F341D2F}"
EndProject
Project("{FAE04EC0-301F-11D3-BF4B-00C04F79EFBC}") = "TokenManagement", "..\TokenManagement\TokenManagement.csproj", "{BB14C591-2B94-4AEF-88C6-758F6BFD6AFB}"
EndProject
Global
	GlobalSection(SolutionConfigurationPlatforms) = preSolution
		Debug|Any CPU = Debug|Any CPU
		Release|Any CPU = Release|Any CPU
	EndGlobalSection
	GlobalSection(ProjectConfigurationPlatforms) = postSolution
		{682176F3-8752-49FA-AAAA-B7C13F341D2F}.Debug|Any CPU.ActiveCfg = Debug|Any CPU
		{682176F3-8752-49FA-AAAA-B7C13F341D2F}.Debug|Any CPU.Build.0 = Debug|Any CPU
		{682176F3-8752-49FA-AAAA-B7C13F341D2F}.Release|Any CPU.ActiveCfg = Release|Any CPU
		{682176F3-8752-49FA-AAAA-B7C13F341D2F}.Release|Any CPU.Build.0 = Release|Any CPU
		{BB14C591-2B94-4AEF-88C6-758F6BFD6AFB}.Debug|Any CPU.ActiveCfg = Debug|Any CPU
		{BB14C591-2B94-4AEF-88C6-758F6BFD6AFB}.Debug|Any CPU.Build.0 = Debug|Any CPU
		{BB14C591-2B94-4AEF-88C6-758F6BFD6AFB}.Release|Any CPU.ActiveCfg = Release|Any CPU
		{BB14C591-2B94-4AEF-88C6-758F6BFD6AFB}.Release|Any CPU.Build.0 = Release|Any CPU
	EndGlobalSection
	GlobalSection(SolutionProperties) = preSolution
		HideSolutionNode = FALSE
	EndGlobalSection
EndGlobal
