
Microsoft Visual Studio Solution File, Format Version 12.00
# Visual Studio Version 17
VisualStudioVersion = 17.14.36109.1
MinimumVisualStudioVersion = 10.0.40219.1
Project("{FAE04EC0-301F-11D3-BF4B-00C04F79EFBC}") = "ApiCore", "ApiCore.csproj", "{41097DC4-A06C-31C1-D938-BAA2B4931F7A}"
EndProject
Project("{FAE04EC0-301F-11D3-BF4B-00C04F79EFBC}") = "TokenManagement", "..\..\BS-API-Secure\TokenManagement\TokenManagement.csproj", "{292189F2-3AC1-4829-B3F7-8FC7154092A3}"
EndProject
Global
	GlobalSection(SolutionConfigurationPlatforms) = preSolution
		Debug|Any CPU = Debug|Any CPU
		Release|Any CPU = Release|Any CPU
	EndGlobalSection
	GlobalSection(ProjectConfigurationPlatforms) = postSolution
		{41097DC4-A06C-31C1-D938-BAA2B4931F7A}.Debug|Any CPU.ActiveCfg = Debug|Any CPU
		{41097DC4-A06C-31C1-D938-BAA2B4931F7A}.Debug|Any CPU.Build.0 = Debug|Any CPU
		{41097DC4-A06C-31C1-D938-BAA2B4931F7A}.Release|Any CPU.ActiveCfg = Release|Any CPU
		{41097DC4-A06C-31C1-D938-BAA2B4931F7A}.Release|Any CPU.Build.0 = Release|Any CPU
		{292189F2-3AC1-4829-B3F7-8FC7154092A3}.Debug|Any CPU.ActiveCfg = Debug|Any CPU
		{292189F2-3AC1-4829-B3F7-8FC7154092A3}.Debug|Any CPU.Build.0 = Debug|Any CPU
		{292189F2-3AC1-4829-B3F7-8FC7154092A3}.Release|Any CPU.ActiveCfg = Release|Any CPU
		{292189F2-3AC1-4829-B3F7-8FC7154092A3}.Release|Any CPU.Build.0 = Release|Any CPU
	EndGlobalSection
	GlobalSection(SolutionProperties) = preSolution
		HideSolutionNode = FALSE
	EndGlobalSection
	GlobalSection(ExtensibilityGlobals) = postSolution
		SolutionGuid = {13DDD7ED-34AD-4465-87A8-8DC27CD5A313}
	EndGlobalSection
EndGlobal
